
Microsoft Visual Studio Solution File, Format Version 12.00
# Visual Studio Version 17
VisualStudioVersion = 17.0.31903.59
MinimumVisualStudioVersion = 10.0.40219.1
Project("{2150E333-8FDC-42A3-9474-1A3956D46DE8}") = "src", "src", "{015DBE57-AF06-4A9E-81C2-898324D0B629}"
EndProject
Project("{FAE04EC0-301F-11D3-BF4B-00C04F79EFBC}") = "BlockFromRecent", "src\BlockFromRecent\BlockFromRecent.csproj", "{CBC9697A-1E29-48E9-8CCA-476A1089B5F6}"
EndProject
Global
	GlobalSection(SolutionConfigurationPlatforms) = preSolution
		Debug|Any CPU = Debug|Any CPU
		Release|Any CPU = Release|Any CPU
	EndGlobalSection
	GlobalSection(SolutionProperties) = preSolution
		HideSolutionNode = FALSE
	EndGlobalSection
	GlobalSection(ProjectConfigurationPlatforms) = postSolution
		{CBC9697A-1E29-48E9-8CCA-476A1089B5F6}.Debug|Any CPU.ActiveCfg = Debug|Any CPU
		{CBC9697A-1E29-48E9-8CCA-476A1089B5F6}.Debug|Any CPU.Build.0 = Debug|Any CPU
		{CBC9697A-1E29-48E9-8CCA-476A1089B5F6}.Release|Any CPU.ActiveCfg = Release|Any CPU
		{CBC9697A-1E29-48E9-8CCA-476A1089B5F6}.Release|Any CPU.Build.0 = Release|Any CPU
	EndGlobalSection
	GlobalSection(NestedProjects) = preSolution
		{CBC9697A-1E29-48E9-8CCA-476A1089B5F6} = {015DBE57-AF06-4A9E-81C2-898324D0B629}
	EndGlobalSection
EndGlobal
